{
    "config_hash": "3d36d010e075d4855851f1926d190040e0abf1c43e1008dd9113cd557442919a",
    "audio_hashes": {
        "assets/audio/skeletom scream.mp3": "a44d7713c45d2c7269f73e5f8f37766fd0d93047f05e1d249ba8311c6815ef94",
        "assets/audio/Evil laugh.mp3": "8e41ebdec3d506e60f6f78438fe27ae7a5b5693a13fe7879b98ae4fd055a40b0"
    }
}